
Microsoft Visual Studio Solution File, Format Version 12.00
# Visual Studio Version 17
VisualStudioVersion = 17.3.32929.385
MinimumVisualStudioVersion = 10.0.40219.1
Project("{FAE04EC0-301F-11D3-BF4B-00C04F79EFBC}") = "Gyumolcsok", "Gyumolcsok\Gyumolcsok.csproj", "{FC57E5F1-CFC0-453C-9D17-7B5AC0A921CA}"
EndProject
Global
	GlobalSection(SolutionConfigurationPlatforms) = preSolution
		Debug|Any CPU = Debug|Any CPU
		Release|Any CPU = Release|Any CPU
	EndGlobalSection
	GlobalSection(ProjectConfigurationPlatforms) = postSolution
		{FC57E5F1-CFC0-453C-9D17-7B5AC0A921CA}.Debug|Any CPU.ActiveCfg = Debug|Any CPU
		{FC57E5F1-CFC0-453C-9D17-7B5AC0A921CA}.Debug|Any CPU.Build.0 = Debug|Any CPU
		{FC57E5F1-CFC0-453C-9D17-7B5AC0A921CA}.Release|Any CPU.ActiveCfg = Release|Any CPU
		{FC57E5F1-CFC0-453C-9D17-7B5AC0A921CA}.Release|Any CPU.Build.0 = Release|Any CPU
	EndGlobalSection
	GlobalSection(SolutionProperties) = preSolution
		HideSolutionNode = FALSE
	EndGlobalSection
	GlobalSection(ExtensibilityGlobals) = postSolution
		SolutionGuid = {96B23519-4498-40F6-B874-7E8525861C30}
	EndGlobalSection
EndGlobal
